
Microsoft Visual Studio Solution File, Format Version 12.00
# Visual Studio Version 17
VisualStudioVersion = 17.9.34728.123
MinimumVisualStudioVersion = 10.0.40219.1
Project("{FAE04EC0-301F-11D3-BF4B-00C04F79EFBC}") = "RichardAde", "RichardAde.csproj", "{8350A665-6597-47DC-BB39-85A7DF0CBE85}"
EndProject
Global
	GlobalSection(SolutionConfigurationPlatforms) = preSolution
		Debug|Any CPU = Debug|Any CPU
		Release|Any CPU = Release|Any CPU
	EndGlobalSection
	GlobalSection(ProjectConfigurationPlatforms) = postSolution
		{8350A665-6597-47DC-BB39-85A7DF0CBE85}.Debug|Any CPU.ActiveCfg = Debug|Any CPU
		{8350A665-6597-47DC-BB39-85A7DF0CBE85}.Debug|Any CPU.Build.0 = Debug|Any CPU
		{8350A665-6597-47DC-BB39-85A7DF0CBE85}.Release|Any CPU.ActiveCfg = Release|Any CPU
		{8350A665-6597-47DC-BB39-85A7DF0CBE85}.Release|Any CPU.Build.0 = Release|Any CPU
	EndGlobalSection
	GlobalSection(SolutionProperties) = preSolution
		HideSolutionNode = FALSE
	EndGlobalSection
	GlobalSection(ExtensibilityGlobals) = postSolution
		SolutionGuid = {F2C4B305-D480-4CAA-9C07-544094362DF7}
	EndGlobalSection
EndGlobal
